
Microsoft Visual Studio Solution File, Format Version 12.00
# Visual Studio Version 16
VisualStudioVersion = 16.0.31129.286
MinimumVisualStudioVersion = 10.0.40219.1
Project("{FAE04EC0-301F-11D3-BF4B-00C04F79EFBC}") = "DataBase", "DataBase\DataBase.csproj", "{A535051F-57F7-4E7F-A04A-CF76F107C7E5}"
EndProject
Global
	GlobalSection(SolutionConfigurationPlatforms) = preSolution
		Debug|Any CPU = Debug|Any CPU
		Release|Any CPU = Release|Any CPU
	EndGlobalSection
	GlobalSection(ProjectConfigurationPlatforms) = postSolution
		{A535051F-57F7-4E7F-A04A-CF76F107C7E5}.Debug|Any CPU.ActiveCfg = Debug|Any CPU
		{A535051F-57F7-4E7F-A04A-CF76F107C7E5}.Debug|Any CPU.Build.0 = Debug|Any CPU
		{A535051F-57F7-4E7F-A04A-CF76F107C7E5}.Release|Any CPU.ActiveCfg = Release|Any CPU
		{A535051F-57F7-4E7F-A04A-CF76F107C7E5}.Release|Any CPU.Build.0 = Release|Any CPU
	EndGlobalSection
	GlobalSection(SolutionProperties) = preSolution
		HideSolutionNode = FALSE
	EndGlobalSection
	GlobalSection(ExtensibilityGlobals) = postSolution
		SolutionGuid = {02CCD72D-BD1B-4295-B13E-72B5E4C8F24C}
	EndGlobalSection
EndGlobal
